PODS:
  - PXMaskButton (0.2.0):
    - UIImageUtilities
  - UIImageUtilities (0.1.5)

DEPENDENCIES:
  - PXMaskButton (from `../`)

EXTERNAL SOURCES:
  PXMaskButton:
    :path: "../"

SPEC CHECKSUMS:
  PXMaskButton: 42f5c1fe9c6befc194c666526f583da4d8327bc4
  UIImageUtilities: 383bc3906e2191fd60fd69de7d4a6efa25484b74

PODFILE CHECKSUM: 24716bb2edf5d1eeb525656eb987ee54a389861b

COCOAPODS: 1.2.0
